
Microsoft Visual Studio Solution File, Format Version 12.00
# Visual Studio Version 17
VisualStudioVersion = 17.0.32014.148
MinimumVisualStudioVersion = 10.0.40219.1
Project("{9A19103F-16F7-4668-BE54-9A1E7A4F7556}") = "MVC01", "MVC\MVC01.csproj", "{DA3C4F5E-CDF7-4637-AB55-5CC1A58E62E1}"
EndProject
Project("{2150E333-8FDC-42A3-9474-1A3956D46DE8}") = "Solution Items", "Solution Items", "{8CDB57B9-742C-4692-A28E-12EC3DBF888B}"
	ProjectSection(SolutionItems) = preProject
		README.md = README.md
	EndProjectSection
EndProject
Project("{9A19103F-16F7-4668-BE54-9A1E7A4F7556}") = "MVC02List", "MVC02List\MVC02List.csproj", "{179F45E8-4AED-4082-BE92-50C83873372F}"
EndProject
Project("{9A19103F-16F7-4668-BE54-9A1E7A4F7556}") = "MVC03NewThreadPool", "MVC03NewTheadPool\MVC03NewThreadPool.csproj", "{24A1AF41-9323-45B9-A4AB-3646CBE427F4}"
EndProject
Project("{9A19103F-16F7-4668-BE54-9A1E7A4F7556}") = "MVC04WPFICommand", "MVC04WPFICommand\MVC04WPFICommand.csproj", "{991F3BB4-5509-44B3-9C0D-8F908BB03C4D}"
EndProject
Project("{9A19103F-16F7-4668-BE54-9A1E7A4F7556}") = "MVC05Structural", "MVC05Structural\MVC05Structural.csproj", "{7FAC7BC6-AAD6-4FC9-A5C6-294B09774E01}"
EndProject
Project("{9A19103F-16F7-4668-BE54-9A1E7A4F7556}") = "MVC06Scanner", "MVC05Scanner\MVC06Scanner.csproj", "{D3D42B34-EB3A-4292-9CBE-46EF3A9B0C54}"
EndProject
Project("{9A19103F-16F7-4668-BE54-9A1E7A4F7556}") = "MVC07Autofac", "MVC07Autofac\MVC07Autofac.csproj", "{4839FCFE-9AB1-43B8-A1BC-A6392E9EB9A8}"
EndProject
Project("{9A19103F-16F7-4668-BE54-9A1E7A4F7556}") = "MVC08Template", "MVC08Template\MVC08Template.csproj", "{D90DB8E1-B8FC-4F19-8EAE-D57D46BF501E}"
EndProject
Project("{9A19103F-16F7-4668-BE54-9A1E7A4F7556}") = "MVC09Project", "MVC09Project\MVC09Project.csproj", "{1EDF905E-6C25-4E0C-B560-F4FB738D2F13}"
EndProject
Project("{FAE04EC0-301F-11D3-BF4B-00C04F79EFBC}") = "MVC10Project", "MVC10Project\MVC10Project.csproj", "{6A8DE5E5-1CA8-40BB-AFC2-EF021F0AAA35}"
EndProject
Global
	GlobalSection(SolutionConfigurationPlatforms) = preSolution
		Debug|Any CPU = Debug|Any CPU
		Release|Any CPU = Release|Any CPU
	EndGlobalSection
	GlobalSection(ProjectConfigurationPlatforms) = postSolution
		{DA3C4F5E-CDF7-4637-AB55-5CC1A58E62E1}.Debug|Any CPU.ActiveCfg = Debug|Any CPU
		{DA3C4F5E-CDF7-4637-AB55-5CC1A58E62E1}.Debug|Any CPU.Build.0 = Debug|Any CPU
		{DA3C4F5E-CDF7-4637-AB55-5CC1A58E62E1}.Release|Any CPU.ActiveCfg = Release|Any CPU
		{DA3C4F5E-CDF7-4637-AB55-5CC1A58E62E1}.Release|Any CPU.Build.0 = Release|Any CPU
		{179F45E8-4AED-4082-BE92-50C83873372F}.Debug|Any CPU.ActiveCfg = Debug|Any CPU
		{179F45E8-4AED-4082-BE92-50C83873372F}.Debug|Any CPU.Build.0 = Debug|Any CPU
		{179F45E8-4AED-4082-BE92-50C83873372F}.Release|Any CPU.ActiveCfg = Release|Any CPU
		{179F45E8-4AED-4082-BE92-50C83873372F}.Release|Any CPU.Build.0 = Release|Any CPU
		{24A1AF41-9323-45B9-A4AB-3646CBE427F4}.Debug|Any CPU.ActiveCfg = Debug|Any CPU
		{24A1AF41-9323-45B9-A4AB-3646CBE427F4}.Debug|Any CPU.Build.0 = Debug|Any CPU
		{24A1AF41-9323-45B9-A4AB-3646CBE427F4}.Release|Any CPU.ActiveCfg = Release|Any CPU
		{24A1AF41-9323-45B9-A4AB-3646CBE427F4}.Release|Any CPU.Build.0 = Release|Any CPU
		{991F3BB4-5509-44B3-9C0D-8F908BB03C4D}.Debug|Any CPU.ActiveCfg = Debug|Any CPU
		{991F3BB4-5509-44B3-9C0D-8F908BB03C4D}.Debug|Any CPU.Build.0 = Debug|Any CPU
		{991F3BB4-5509-44B3-9C0D-8F908BB03C4D}.Release|Any CPU.ActiveCfg = Release|Any CPU
		{991F3BB4-5509-44B3-9C0D-8F908BB03C4D}.Release|Any CPU.Build.0 = Release|Any CPU
		{7FAC7BC6-AAD6-4FC9-A5C6-294B09774E01}.Debug|Any CPU.ActiveCfg = Debug|Any CPU
		{7FAC7BC6-AAD6-4FC9-A5C6-294B09774E01}.Debug|Any CPU.Build.0 = Debug|Any CPU
		{7FAC7BC6-AAD6-4FC9-A5C6-294B09774E01}.Release|Any CPU.ActiveCfg = Release|Any CPU
		{7FAC7BC6-AAD6-4FC9-A5C6-294B09774E01}.Release|Any CPU.Build.0 = Release|Any CPU
		{D3D42B34-EB3A-4292-9CBE-46EF3A9B0C54}.Debug|Any CPU.ActiveCfg = Debug|Any CPU
		{D3D42B34-EB3A-4292-9CBE-46EF3A9B0C54}.Debug|Any CPU.Build.0 = Debug|Any CPU
		{D3D42B34-EB3A-4292-9CBE-46EF3A9B0C54}.Release|Any CPU.ActiveCfg = Release|Any CPU
		{D3D42B34-EB3A-4292-9CBE-46EF3A9B0C54}.Release|Any CPU.Build.0 = Release|Any CPU
		{4839FCFE-9AB1-43B8-A1BC-A6392E9EB9A8}.Debug|Any CPU.ActiveCfg = Debug|Any CPU
		{4839FCFE-9AB1-43B8-A1BC-A6392E9EB9A8}.Debug|Any CPU.Build.0 = Debug|Any CPU
		{4839FCFE-9AB1-43B8-A1BC-A6392E9EB9A8}.Release|Any CPU.ActiveCfg = Release|Any CPU
		{4839FCFE-9AB1-43B8-A1BC-A6392E9EB9A8}.Release|Any CPU.Build.0 = Release|Any CPU
		{D90DB8E1-B8FC-4F19-8EAE-D57D46BF501E}.Debug|Any CPU.ActiveCfg = Debug|Any CPU
		{D90DB8E1-B8FC-4F19-8EAE-D57D46BF501E}.Debug|Any CPU.Build.0 = Debug|Any CPU
		{D90DB8E1-B8FC-4F19-8EAE-D57D46BF501E}.Release|Any CPU.ActiveCfg = Release|Any CPU
		{D90DB8E1-B8FC-4F19-8EAE-D57D46BF501E}.Release|Any CPU.Build.0 = Release|Any CPU
		{1EDF905E-6C25-4E0C-B560-F4FB738D2F13}.Debug|Any CPU.ActiveCfg = Debug|Any CPU
		{1EDF905E-6C25-4E0C-B560-F4FB738D2F13}.Debug|Any CPU.Build.0 = Debug|Any CPU
		{1EDF905E-6C25-4E0C-B560-F4FB738D2F13}.Release|Any CPU.ActiveCfg = Release|Any CPU
		{1EDF905E-6C25-4E0C-B560-F4FB738D2F13}.Release|Any CPU.Build.0 = Release|Any CPU
		{6A8DE5E5-1CA8-40BB-AFC2-EF021F0AAA35}.Debug|Any CPU.ActiveCfg = Debug|Any CPU
		{6A8DE5E5-1CA8-40BB-AFC2-EF021F0AAA35}.Debug|Any CPU.Build.0 = Debug|Any CPU
		{6A8DE5E5-1CA8-40BB-AFC2-EF021F0AAA35}.Release|Any CPU.ActiveCfg = Release|Any CPU
		{6A8DE5E5-1CA8-40BB-AFC2-EF021F0AAA35}.Release|Any CPU.Build.0 = Release|Any CPU
	EndGlobalSection
	GlobalSection(SolutionProperties) = preSolution
		HideSolutionNode = FALSE
	EndGlobalSection
	GlobalSection(ExtensibilityGlobals) = postSolution
		SolutionGuid = {0EB6BC3B-8AF2-4CB8-8448-FF69D5B83CBC}
	EndGlobalSection
EndGlobal
