
Microsoft Visual Studio Solution File, Format Version 12.00
# Visual Studio Version 17
VisualStudioVersion = 17.0.32014.148
MinimumVisualStudioVersion = 10.0.40219.1
Project("{FAE04EC0-301F-11D3-BF4B-00C04F79EFBC}") = "MVC01", "MVC\MVC01.csproj", "{DA3C4F5E-CDF7-4637-AB55-5CC1A58E62E1}"
EndProject
Global
	GlobalSection(SolutionConfigurationPlatforms) = preSolution
		Debug|Any CPU = Debug|Any CPU
		Release|Any CPU = Release|Any CPU
	EndGlobalSection
	GlobalSection(ProjectConfigurationPlatforms) = postSolution
		{DA3C4F5E-CDF7-4637-AB55-5CC1A58E62E1}.Debug|Any CPU.ActiveCfg = Debug|Any CPU
		{DA3C4F5E-CDF7-4637-AB55-5CC1A58E62E1}.Debug|Any CPU.Build.0 = Debug|Any CPU
		{DA3C4F5E-CDF7-4637-AB55-5CC1A58E62E1}.Release|Any CPU.ActiveCfg = Release|Any CPU
		{DA3C4F5E-CDF7-4637-AB55-5CC1A58E62E1}.Release|Any CPU.Build.0 = Release|Any CPU
	EndGlobalSection
	GlobalSection(SolutionProperties) = preSolution
		HideSolutionNode = FALSE
	EndGlobalSection
	GlobalSection(ExtensibilityGlobals) = postSolution
		SolutionGuid = {0EB6BC3B-8AF2-4CB8-8448-FF69D5B83CBC}
	EndGlobalSection
EndGlobal
